
Microsoft Visual Studio Solution File, Format Version 12.00
# Visual Studio Version 17
VisualStudioVersion = 17.7.34202.233
MinimumVisualStudioVersion = 10.0.40219.1
Project("{8BC9CEB8-8B4A-11D0-8D11-00A0C91BC942}") = "SNEAKY-JOE", "SNEAKY-JOE.vcxproj", "{7715A80B-161A-42ED-ADF6-79A90ED134A3}"
EndProject
Global
	GlobalSection(SolutionConfigurationPlatforms) = preSolution
		Debug|x64 = Debug|x64
		Debug|x86 = Debug|x86
		Release|x64 = Release|x64
		Release|x86 = Release|x86
	EndGlobalSection
	GlobalSection(ProjectConfigurationPlatforms) = postSolution
		{7715A80B-161A-42ED-ADF6-79A90ED134A3}.Debug|x64.ActiveCfg = Debug|x64
		{7715A80B-161A-42ED-ADF6-79A90ED134A3}.Debug|x64.Build.0 = Debug|x64
		{7715A80B-161A-42ED-ADF6-79A90ED134A3}.Debug|x86.ActiveCfg = Debug|Win32
		{7715A80B-161A-42ED-ADF6-79A90ED134A3}.Debug|x86.Build.0 = Debug|Win32
		{7715A80B-161A-42ED-ADF6-79A90ED134A3}.Release|x64.ActiveCfg = Release|x64
		{7715A80B-161A-42ED-ADF6-79A90ED134A3}.Release|x64.Build.0 = Release|x64
		{7715A80B-161A-42ED-ADF6-79A90ED134A3}.Release|x86.ActiveCfg = Release|Win32
		{7715A80B-161A-42ED-ADF6-79A90ED134A3}.Release|x86.Build.0 = Release|Win32
	EndGlobalSection
	GlobalSection(SolutionProperties) = preSolution
		HideSolutionNode = FALSE
	EndGlobalSection
	GlobalSection(ExtensibilityGlobals) = postSolution
		SolutionGuid = {926AFE8C-2D0B-4D41-B7EA-4E9F0066CA87}
	EndGlobalSection
EndGlobal
